
Microsoft Visual Studio Solution File, Format Version 12.00
# Visual Studio Version 17
VisualStudioVersion = 17.0.31912.275
MinimumVisualStudioVersion = 10.0.40219.1
Project("{FAE04EC0-301F-11D3-BF4B-00C04F79EFBC}") = "Base64Encoder", "Base64Encoder\Base64Encoder.csproj", "{92B21277-F21B-4326-8AAA-E12EC520E429}"
EndProject
Global
	GlobalSection(SolutionConfigurationPlatforms) = preSolution
		Debug|Any CPU = Debug|Any CPU
		Release|Any CPU = Release|Any CPU
	EndGlobalSection
	GlobalSection(ProjectConfigurationPlatforms) = postSolution
		{92B21277-F21B-4326-8AAA-E12EC520E429}.Debug|Any CPU.ActiveCfg = Debug|Any CPU
		{92B21277-F21B-4326-8AAA-E12EC520E429}.Debug|Any CPU.Build.0 = Debug|Any CPU
		{92B21277-F21B-4326-8AAA-E12EC520E429}.Release|Any CPU.ActiveCfg = Release|Any CPU
		{92B21277-F21B-4326-8AAA-E12EC520E429}.Release|Any CPU.Build.0 = Release|Any CPU
	EndGlobalSection
	GlobalSection(SolutionProperties) = preSolution
		HideSolutionNode = FALSE
	EndGlobalSection
	GlobalSection(ExtensibilityGlobals) = postSolution
		SolutionGuid = {A6653C8A-2219-4578-843E-CA33441B7115}
	EndGlobalSection
EndGlobal
